
Microsoft Visual Studio Solution File, Format Version 12.00
# Visual Studio Version 17
VisualStudioVersion = 17.14.36705.20 d17.14
MinimumVisualStudioVersion = 10.0.40219.1
Project("{FAE04EC0-301F-11D3-BF4B-00C04F79EFBC}") = "GiteEF", "GiteEF\GiteEF.csproj", "{AA38283B-6947-4FC1-B279-D763D942EB7A}"
EndProject
Global
	GlobalSection(SolutionConfigurationPlatforms) = preSolution
		Debug|Any CPU = Debug|Any CPU
		Release|Any CPU = Release|Any CPU
	EndGlobalSection
	GlobalSection(ProjectConfigurationPlatforms) = postSolution
		{AA38283B-6947-4FC1-B279-D763D942EB7A}.Debug|Any CPU.ActiveCfg = Debug|Any CPU
		{AA38283B-6947-4FC1-B279-D763D942EB7A}.Debug|Any CPU.Build.0 = Debug|Any CPU
		{AA38283B-6947-4FC1-B279-D763D942EB7A}.Release|Any CPU.ActiveCfg = Release|Any CPU
		{AA38283B-6947-4FC1-B279-D763D942EB7A}.Release|Any CPU.Build.0 = Release|Any CPU
	EndGlobalSection
	GlobalSection(SolutionProperties) = preSolution
		HideSolutionNode = FALSE
	EndGlobalSection
	GlobalSection(ExtensibilityGlobals) = postSolution
		SolutionGuid = {525CB1B6-A65A-42E6-8E02-3072BD59CED4}
	EndGlobalSection
EndGlobal
