
Microsoft Visual Studio Solution File, Format Version 12.00
# Visual Studio Version 17
VisualStudioVersion = 17.14.36705.20 d17.14
MinimumVisualStudioVersion = 10.0.40219.1
Project("{FAE04EC0-301F-11D3-BF4B-00C04F79EFBC}") = "Marconnes.Core", "Marconnes.Core\Marconnes.Core.csproj", "{7E55189E-E857-47FF-A4F9-9D8A2456BDB0}"
EndProject
Project("{FAE04EC0-301F-11D3-BF4B-00C04F79EFBC}") = "Marconnes.DataAcces", "Marconnes.DataAcces\Marconnes.DataAcces.csproj", "{9C731B38-59E7-45C7-8AF9-B089ED149932}"
EndProject
Project("{FAE04EC0-301F-11D3-BF4B-00C04F79EFBC}") = "Marconnes.ConsoleApp", "Marconnes.ConsoleApp\Marconnes.ConsoleApp.csproj", "{3F0FAD16-13BC-4E7D-8902-14AD4EB8BBCD}"
EndProject
Project("{FAE04EC0-301F-11D3-BF4B-00C04F79EFBC}") = "Marconnes.Api", "Marconnes.Api\Marconnes.Api.csproj", "{DF979BB4-A734-498D-8CD7-E7CC4B21F973}"
EndProject
Global
	GlobalSection(SolutionConfigurationPlatforms) = preSolution
		Debug|Any CPU = Debug|Any CPU
		Release|Any CPU = Release|Any CPU
	EndGlobalSection
	GlobalSection(ProjectConfigurationPlatforms) = postSolution
		{7E55189E-E857-47FF-A4F9-9D8A2456BDB0}.Debug|Any CPU.ActiveCfg = Debug|Any CPU
		{7E55189E-E857-47FF-A4F9-9D8A2456BDB0}.Debug|Any CPU.Build.0 = Debug|Any CPU
		{7E55189E-E857-47FF-A4F9-9D8A2456BDB0}.Release|Any CPU.ActiveCfg = Release|Any CPU
		{7E55189E-E857-47FF-A4F9-9D8A2456BDB0}.Release|Any CPU.Build.0 = Release|Any CPU
		{9C731B38-59E7-45C7-8AF9-B089ED149932}.Debug|Any CPU.ActiveCfg = Debug|Any CPU
		{9C731B38-59E7-45C7-8AF9-B089ED149932}.Debug|Any CPU.Build.0 = Debug|Any CPU
		{9C731B38-59E7-45C7-8AF9-B089ED149932}.Release|Any CPU.ActiveCfg = Release|Any CPU
		{9C731B38-59E7-45C7-8AF9-B089ED149932}.Release|Any CPU.Build.0 = Release|Any CPU
		{3F0FAD16-13BC-4E7D-8902-14AD4EB8BBCD}.Debug|Any CPU.ActiveCfg = Debug|Any CPU
		{3F0FAD16-13BC-4E7D-8902-14AD4EB8BBCD}.Debug|Any CPU.Build.0 = Debug|Any CPU
		{3F0FAD16-13BC-4E7D-8902-14AD4EB8BBCD}.Release|Any CPU.ActiveCfg = Release|Any CPU
		{3F0FAD16-13BC-4E7D-8902-14AD4EB8BBCD}.Release|Any CPU.Build.0 = Release|Any CPU
		{DF979BB4-A734-498D-8CD7-E7CC4B21F973}.Debug|Any CPU.ActiveCfg = Debug|Any CPU
		{DF979BB4-A734-498D-8CD7-E7CC4B21F973}.Debug|Any CPU.Build.0 = Debug|Any CPU
		{DF979BB4-A734-498D-8CD7-E7CC4B21F973}.Release|Any CPU.ActiveCfg = Release|Any CPU
		{DF979BB4-A734-498D-8CD7-E7CC4B21F973}.Release|Any CPU.Build.0 = Release|Any CPU
	EndGlobalSection
	GlobalSection(SolutionProperties) = preSolution
		HideSolutionNode = FALSE
	EndGlobalSection
	GlobalSection(ExtensibilityGlobals) = postSolution
		SolutionGuid = {79AE6232-2CBB-45F1-AC81-13036A7B1F4B}
	EndGlobalSection
EndGlobal
